
Microsoft Visual Studio Solution File, Format Version 12.00
# Visual Studio Version 17
VisualStudioVersion = 17.9.34714.143
MinimumVisualStudioVersion = 10.0.40219.1
Project("{FAE04EC0-301F-11D3-BF4B-00C04F79EFBC}") = "BlazorApp1", "BlazorApp1\BlazorApp1.csproj", "{B843CC8A-84C0-4330-AC10-03E4B8119BE8}"
EndProject
Global
	GlobalSection(SolutionConfigurationPlatforms) = preSolution
		Debug|Any CPU = Debug|Any CPU
		Release|Any CPU = Release|Any CPU
	EndGlobalSection
	GlobalSection(ProjectConfigurationPlatforms) = postSolution
		{B843CC8A-84C0-4330-AC10-03E4B8119BE8}.Debug|Any CPU.ActiveCfg = Debug|Any CPU
		{B843CC8A-84C0-4330-AC10-03E4B8119BE8}.Debug|Any CPU.Build.0 = Debug|Any CPU
		{B843CC8A-84C0-4330-AC10-03E4B8119BE8}.Release|Any CPU.ActiveCfg = Release|Any CPU
		{B843CC8A-84C0-4330-AC10-03E4B8119BE8}.Release|Any CPU.Build.0 = Release|Any CPU
	EndGlobalSection
	GlobalSection(SolutionProperties) = preSolution
		HideSolutionNode = FALSE
	EndGlobalSection
	GlobalSection(ExtensibilityGlobals) = postSolution
		SolutionGuid = {AED1C92F-744F-4EF6-8361-8D134D87B268}
	EndGlobalSection
EndGlobal
